
Microsoft Visual Studio Solution File, Format Version 12.00
# Visual Studio Version 16
VisualStudioVersion = 16.0.29806.167
MinimumVisualStudioVersion = 10.0.40219.1
Project("{2150E333-8FDC-42A3-9474-1A3956D46DE8}") = "basic", "basic", "{69B7B055-A0A0-43A1-9173-A768C4253506}"
EndProject
Project("{FAE04EC0-301F-11D3-BF4B-00C04F79EFBC}") = "Expression", "basic\Expression\Expression.csproj", "{BE82FF84-F2DC-4861-B9FD-3876C0CA904D}"
EndProject
Project("{FAE04EC0-301F-11D3-BF4B-00C04F79EFBC}") = "Strings", "basic\Strings\Strings.csproj", "{D00212F1-A559-4598-8BB0-29807FE2B337}"
EndProject
Project("{FAE04EC0-301F-11D3-BF4B-00C04F79EFBC}") = "Variable", "basic\Variable\Variable.csproj", "{39CA8B36-20B0-49BA-A2E0-6FAB52624306}"
EndProject
Project("{FAE04EC0-301F-11D3-BF4B-00C04F79EFBC}") = "Control", "basic\Control\Control.csproj", "{230234E3-0042-4241-860E-5E058E3DF8BC}"
EndProject
Project("{FAE04EC0-301F-11D3-BF4B-00C04F79EFBC}") = "Function", "basic\Function\Function.csproj", "{9B6DB340-F399-4FFD-BEB1-A24046F26D20}"
EndProject
Project("{FAE04EC0-301F-11D3-BF4B-00C04F79EFBC}") = "Struct", "basic\Struct\Struct.csproj", "{62BB671F-99EA-479D-A5D3-1CCDA1F66517}"
EndProject
Project("{FAE04EC0-301F-11D3-BF4B-00C04F79EFBC}") = "Class", "basic\Class\Class.csproj", "{8853F9EB-0B24-4DCC-A6AF-1B1C5B38C6A4}"
EndProject
Project("{2150E333-8FDC-42A3-9474-1A3956D46DE8}") = "core", "core", "{FFCB1D4F-6B8A-4954-85CA-88A43CD06DA2}"
EndProject
Project("{2150E333-8FDC-42A3-9474-1A3956D46DE8}") = "senior", "senior", "{8ADA8588-1C54-45DA-96B4-06EC3E207BA7}"
EndProject
Project("{FAE04EC0-301F-11D3-BF4B-00C04F79EFBC}") = "OOP", "core\OOP\OOP.csproj", "{7AE8C7B7-50C5-47FD-B978-23A38B3C8BC0}"
EndProject
Project("{FAE04EC0-301F-11D3-BF4B-00C04F79EFBC}") = "Exceptions", "core\Exceptions\Exceptions.csproj", "{F55AC37B-D007-4BC1-B182-0058BAEFB589}"
EndProject
Project("{FAE04EC0-301F-11D3-BF4B-00C04F79EFBC}") = "Forms", "core\Forms\Forms.csproj", "{7C0BFE23-2FA1-4997-B98F-94F310E71D63}"
EndProject
Project("{FAE04EC0-301F-11D3-BF4B-00C04F79EFBC}") = "Controls", "core\Controls\Controls.csproj", "{F7D4C51D-3FC7-485F-A7B2-1B5A8A118C5B}"
EndProject
Project("{FAE04EC0-301F-11D3-BF4B-00C04F79EFBC}") = "DataConnect", "core\DataConnect\DataConnect.csproj", "{BCE10D74-EEDF-4D09-8521-41CFC5BA325F}"
EndProject
Project("{FAE04EC0-301F-11D3-BF4B-00C04F79EFBC}") = "Iterate", "senior\Iterate\Iterate.csproj", "{86CF5920-FBAA-4379-BC66-6026027F7E2F}"
EndProject
Project("{FAE04EC0-301F-11D3-BF4B-00C04F79EFBC}") = "Genericity", "senior\Genericity\Genericity.csproj", "{532E23B9-5B33-419D-90A8-4EB5C587A079}"
EndProject
Project("{FAE04EC0-301F-11D3-BF4B-00C04F79EFBC}") = "GDI", "senior\GDI\GDI.csproj", "{C254AEC2-A508-4272-8213-A141D3A0F582}"
EndProject
Global
	GlobalSection(SolutionConfigurationPlatforms) = preSolution
		Debug|Any CPU = Debug|Any CPU
		Release|Any CPU = Release|Any CPU
	EndGlobalSection
	GlobalSection(ProjectConfigurationPlatforms) = postSolution
		{BE82FF84-F2DC-4861-B9FD-3876C0CA904D}.Debug|Any CPU.ActiveCfg = Debug|Any CPU
		{BE82FF84-F2DC-4861-B9FD-3876C0CA904D}.Debug|Any CPU.Build.0 = Debug|Any CPU
		{BE82FF84-F2DC-4861-B9FD-3876C0CA904D}.Release|Any CPU.ActiveCfg = Release|Any CPU
		{BE82FF84-F2DC-4861-B9FD-3876C0CA904D}.Release|Any CPU.Build.0 = Release|Any CPU
		{D00212F1-A559-4598-8BB0-29807FE2B337}.Debug|Any CPU.ActiveCfg = Debug|Any CPU
		{D00212F1-A559-4598-8BB0-29807FE2B337}.Debug|Any CPU.Build.0 = Debug|Any CPU
		{D00212F1-A559-4598-8BB0-29807FE2B337}.Release|Any CPU.ActiveCfg = Release|Any CPU
		{D00212F1-A559-4598-8BB0-29807FE2B337}.Release|Any CPU.Build.0 = Release|Any CPU
		{39CA8B36-20B0-49BA-A2E0-6FAB52624306}.Debug|Any CPU.ActiveCfg = Debug|Any CPU
		{39CA8B36-20B0-49BA-A2E0-6FAB52624306}.Debug|Any CPU.Build.0 = Debug|Any CPU
		{39CA8B36-20B0-49BA-A2E0-6FAB52624306}.Release|Any CPU.ActiveCfg = Release|Any CPU
		{39CA8B36-20B0-49BA-A2E0-6FAB52624306}.Release|Any CPU.Build.0 = Release|Any CPU
		{230234E3-0042-4241-860E-5E058E3DF8BC}.Debug|Any CPU.ActiveCfg = Debug|Any CPU
		{230234E3-0042-4241-860E-5E058E3DF8BC}.Debug|Any CPU.Build.0 = Debug|Any CPU
		{230234E3-0042-4241-860E-5E058E3DF8BC}.Release|Any CPU.ActiveCfg = Release|Any CPU
		{230234E3-0042-4241-860E-5E058E3DF8BC}.Release|Any CPU.Build.0 = Release|Any CPU
		{9B6DB340-F399-4FFD-BEB1-A24046F26D20}.Debug|Any CPU.ActiveCfg = Debug|Any CPU
		{9B6DB340-F399-4FFD-BEB1-A24046F26D20}.Debug|Any CPU.Build.0 = Debug|Any CPU
		{9B6DB340-F399-4FFD-BEB1-A24046F26D20}.Release|Any CPU.ActiveCfg = Release|Any CPU
		{9B6DB340-F399-4FFD-BEB1-A24046F26D20}.Release|Any CPU.Build.0 = Release|Any CPU
		{62BB671F-99EA-479D-A5D3-1CCDA1F66517}.Debug|Any CPU.ActiveCfg = Debug|Any CPU
		{62BB671F-99EA-479D-A5D3-1CCDA1F66517}.Debug|Any CPU.Build.0 = Debug|Any CPU
		{62BB671F-99EA-479D-A5D3-1CCDA1F66517}.Release|Any CPU.ActiveCfg = Release|Any CPU
		{62BB671F-99EA-479D-A5D3-1CCDA1F66517}.Release|Any CPU.Build.0 = Release|Any CPU
		{8853F9EB-0B24-4DCC-A6AF-1B1C5B38C6A4}.Debug|Any CPU.ActiveCfg = Debug|Any CPU
		{8853F9EB-0B24-4DCC-A6AF-1B1C5B38C6A4}.Debug|Any CPU.Build.0 = Debug|Any CPU
		{8853F9EB-0B24-4DCC-A6AF-1B1C5B38C6A4}.Release|Any CPU.ActiveCfg = Release|Any CPU
		{8853F9EB-0B24-4DCC-A6AF-1B1C5B38C6A4}.Release|Any CPU.Build.0 = Release|Any CPU
		{7AE8C7B7-50C5-47FD-B978-23A38B3C8BC0}.Debug|Any CPU.ActiveCfg = Debug|Any CPU
		{7AE8C7B7-50C5-47FD-B978-23A38B3C8BC0}.Debug|Any CPU.Build.0 = Debug|Any CPU
		{7AE8C7B7-50C5-47FD-B978-23A38B3C8BC0}.Release|Any CPU.ActiveCfg = Release|Any CPU
		{7AE8C7B7-50C5-47FD-B978-23A38B3C8BC0}.Release|Any CPU.Build.0 = Release|Any CPU
		{F55AC37B-D007-4BC1-B182-0058BAEFB589}.Debug|Any CPU.ActiveCfg = Debug|Any CPU
		{F55AC37B-D007-4BC1-B182-0058BAEFB589}.Debug|Any CPU.Build.0 = Debug|Any CPU
		{F55AC37B-D007-4BC1-B182-0058BAEFB589}.Release|Any CPU.ActiveCfg = Release|Any CPU
		{F55AC37B-D007-4BC1-B182-0058BAEFB589}.Release|Any CPU.Build.0 = Release|Any CPU
		{7C0BFE23-2FA1-4997-B98F-94F310E71D63}.Debug|Any CPU.ActiveCfg = Debug|Any CPU
		{7C0BFE23-2FA1-4997-B98F-94F310E71D63}.Debug|Any CPU.Build.0 = Debug|Any CPU
		{7C0BFE23-2FA1-4997-B98F-94F310E71D63}.Release|Any CPU.ActiveCfg = Release|Any CPU
		{7C0BFE23-2FA1-4997-B98F-94F310E71D63}.Release|Any CPU.Build.0 = Release|Any CPU
		{F7D4C51D-3FC7-485F-A7B2-1B5A8A118C5B}.Debug|Any CPU.ActiveCfg = Debug|Any CPU
		{F7D4C51D-3FC7-485F-A7B2-1B5A8A118C5B}.Debug|Any CPU.Build.0 = Debug|Any CPU
		{F7D4C51D-3FC7-485F-A7B2-1B5A8A118C5B}.Release|Any CPU.ActiveCfg = Release|Any CPU
		{F7D4C51D-3FC7-485F-A7B2-1B5A8A118C5B}.Release|Any CPU.Build.0 = Release|Any CPU
		{BCE10D74-EEDF-4D09-8521-41CFC5BA325F}.Debug|Any CPU.ActiveCfg = Debug|Any CPU
		{BCE10D74-EEDF-4D09-8521-41CFC5BA325F}.Debug|Any CPU.Build.0 = Debug|Any CPU
		{BCE10D74-EEDF-4D09-8521-41CFC5BA325F}.Release|Any CPU.ActiveCfg = Release|Any CPU
		{BCE10D74-EEDF-4D09-8521-41CFC5BA325F}.Release|Any CPU.Build.0 = Release|Any CPU
		{86CF5920-FBAA-4379-BC66-6026027F7E2F}.Debug|Any CPU.ActiveCfg = Debug|Any CPU
		{86CF5920-FBAA-4379-BC66-6026027F7E2F}.Debug|Any CPU.Build.0 = Debug|Any CPU
		{86CF5920-FBAA-4379-BC66-6026027F7E2F}.Release|Any CPU.ActiveCfg = Release|Any CPU
		{86CF5920-FBAA-4379-BC66-6026027F7E2F}.Release|Any CPU.Build.0 = Release|Any CPU
		{532E23B9-5B33-419D-90A8-4EB5C587A079}.Debug|Any CPU.ActiveCfg = Debug|Any CPU
		{532E23B9-5B33-419D-90A8-4EB5C587A079}.Debug|Any CPU.Build.0 = Debug|Any CPU
		{532E23B9-5B33-419D-90A8-4EB5C587A079}.Release|Any CPU.ActiveCfg = Release|Any CPU
		{532E23B9-5B33-419D-90A8-4EB5C587A079}.Release|Any CPU.Build.0 = Release|Any CPU
		{C254AEC2-A508-4272-8213-A141D3A0F582}.Debug|Any CPU.ActiveCfg = Debug|Any CPU
		{C254AEC2-A508-4272-8213-A141D3A0F582}.Debug|Any CPU.Build.0 = Debug|Any CPU
		{C254AEC2-A508-4272-8213-A141D3A0F582}.Release|Any CPU.ActiveCfg = Release|Any CPU
		{C254AEC2-A508-4272-8213-A141D3A0F582}.Release|Any CPU.Build.0 = Release|Any CPU
	EndGlobalSection
	GlobalSection(SolutionProperties) = preSolution
		HideSolutionNode = FALSE
	EndGlobalSection
	GlobalSection(NestedProjects) = preSolution
		{BE82FF84-F2DC-4861-B9FD-3876C0CA904D} = {69B7B055-A0A0-43A1-9173-A768C4253506}
		{D00212F1-A559-4598-8BB0-29807FE2B337} = {69B7B055-A0A0-43A1-9173-A768C4253506}
		{39CA8B36-20B0-49BA-A2E0-6FAB52624306} = {69B7B055-A0A0-43A1-9173-A768C4253506}
		{230234E3-0042-4241-860E-5E058E3DF8BC} = {69B7B055-A0A0-43A1-9173-A768C4253506}
		{9B6DB340-F399-4FFD-BEB1-A24046F26D20} = {69B7B055-A0A0-43A1-9173-A768C4253506}
		{62BB671F-99EA-479D-A5D3-1CCDA1F66517} = {69B7B055-A0A0-43A1-9173-A768C4253506}
		{8853F9EB-0B24-4DCC-A6AF-1B1C5B38C6A4} = {69B7B055-A0A0-43A1-9173-A768C4253506}
		{7AE8C7B7-50C5-47FD-B978-23A38B3C8BC0} = {FFCB1D4F-6B8A-4954-85CA-88A43CD06DA2}
		{F55AC37B-D007-4BC1-B182-0058BAEFB589} = {FFCB1D4F-6B8A-4954-85CA-88A43CD06DA2}
		{7C0BFE23-2FA1-4997-B98F-94F310E71D63} = {FFCB1D4F-6B8A-4954-85CA-88A43CD06DA2}
		{F7D4C51D-3FC7-485F-A7B2-1B5A8A118C5B} = {FFCB1D4F-6B8A-4954-85CA-88A43CD06DA2}
		{BCE10D74-EEDF-4D09-8521-41CFC5BA325F} = {FFCB1D4F-6B8A-4954-85CA-88A43CD06DA2}
		{86CF5920-FBAA-4379-BC66-6026027F7E2F} = {8ADA8588-1C54-45DA-96B4-06EC3E207BA7}
		{532E23B9-5B33-419D-90A8-4EB5C587A079} = {8ADA8588-1C54-45DA-96B4-06EC3E207BA7}
		{C254AEC2-A508-4272-8213-A141D3A0F582} = {8ADA8588-1C54-45DA-96B4-06EC3E207BA7}
	EndGlobalSection
	GlobalSection(ExtensibilityGlobals) = postSolution
		SolutionGuid = {F2F6E2D8-B836-4B8D-ADF6-68893A513756}
	EndGlobalSection
EndGlobal
